{
    "_meta": {
        "hash": {
            "sha256": "6c947fed1f1a946e3bc0720a3b1629811cb268f93f72bc266917d1d615b67b2e"
        },
        "pipfile-spec": 6,
        "requires": {
            "python_version": "3.7"
        },
        "sources": [
            {
                "name": "pypi",
                "url": "https://pypi.org/simple",
                "verify_ssl": true
            }
        ]
    },
    "default": {
        "avro-python3": {
            "hashes": [
                "sha256:f82cf0d66189600b1e6b442f650ad5aca6c189576723dcbf6f9ce096eab81bd6"
            ],
            "index": "pypi",
            "version": "==1.8.2"
        },
        "certifi": {
            "hashes": [
                "sha256:47f9c83ef4c0c621eaef743f133f09fa8a74a9b75f037e8624f83bd1b6626cb7",
                "sha256:993f830721089fef441cdfeb4b2c8c9df86f0c63239f06bd025a76a7daddb033"
            ],
            "version": "==2018.11.29"
        },
        "chardet": {
            "hashes": [
                "sha256:84ab92ed1c4d4f16916e05906b6b75a6c0fb5db821cc65e70cbd64a3e2a5eaae",
                "sha256:fc323ffcaeaed0e0a02bf4d117757b98aed530d9ed4531e3e15460124c106691"
            ],
            "version": "==3.0.4"
        },
        "confluent-kafka": {
            "hashes": [
                "sha256:1468028c553117a3f7799cf47bbf43c13b90736de32f6f24871da3a17083cfc4",
                "sha256:162ee73f30d4ba96476705faef8969e1d5ffeec335c576db949ab034807e3d6d",
                "sha256:1696927c59d4212adc974f90c2de2cfcd44ea24bb7428ff7fcaf88b1c81f2769",
                "sha256:1fd414e4bbf98602b98bd092c5b7585c1f8173a0a62832ae802d901da5a44252",
                "sha256:20b43aa5c542ec57840f33a4d2512da7f099dea4cd5366e7a1662db417d84d9d",
                "sha256:229c69710f36d70c64a2271cd1035b2c45fde0972e6759152e6c81ca5d6a6ace",
                "sha256:2746f7796b3c15dabd07a7750ff2cb3cb9a1e97aab6881c6b1e091fc9ca27fb7",
                "sha256:2beccdb3f819b6f37159a787fce269d15f7473336e623ea9fe093784ba21b0b7",
                "sha256:32be579922946e5c1befcb32cc1a2b448d93b44708602002494ade57f3feb6b5",
                "sha256:3c736617537c1797091482cf454b07b935d194b45b116ff995ec5fd9c163e4d8",
                "sha256:3d8c0aefeabfb73bdf0b7247715a74bb257f583a700cf09944fa9cbeb3d31f41",
                "sha256:4e2e35d73198ac57d424c09da398f5d7efef73e59907f3be948214df57d0b96c",
                "sha256:542086d98e9d21a2be3c6481b54d753c5d81c08ad701c551ece7b7bdcc984806",
                "sha256:6b2fbbc2b1f019a43dc77574bcda49c65a1e134c4d46222d28ab31c36a424af1",
                "sha256:7e8ab0528b2145ff26866b04eea1b455cc3f42e47c3cc23c150448f72061e65f",
                "sha256:8432302760f40f3622e33057b8be8fc0827d54a4e126fb49a15344fd6dfcc4c6",
                "sha256:ab8aeed39d71f03ef3fa0f900a64455f4cf88948d02eb0b0a4b3deff603c396d",
                "sha256:ad2a8b19878a231537922d90e7074ab3767cfd640c66d1cacff05065c3736e24",
                "sha256:b23f4971284936468dbd77906f732b7400da0abfc450c89d1258869c882e58f9",
                "sha256:d1a4768ab3a94e64fc43374c6acaec2bcaae874bd73919ba563e6b86e9766744",
                "sha256:d25522f009784c044018f67a99ef39e6b38928d9f03b91325b941c58f3f23c6c",
                "sha256:e1bef3f5861de4fb2d3f4ecb9028faf48885432e90ad31749f5adb4e608b135f",
                "sha256:f607294ad8222ca1164b0a34a26cbf7b66b9299dae1a98742bf1876a0a64fb64",
                "sha256:fa0693acb4f70542ccd6a9cbf4430fde864511e83e898a4905a12ea1cf7d3d29",
                "sha256:fbbdf9de3e373cc9a7ae6e0f2edeb7a00db9efc4892e62db38c4d869543d0aa6",
                "sha256:fcb1d47d6dde313115a22224b3a4d369cf2a5330647bcfd87ac22ad2c0b8ec53"
            ],
            "index": "pypi",
            "version": "==0.11.6"
        },
        "idna": {
            "hashes": [
                "sha256:156a6814fb5ac1fc6850fb002e0852d56c0c8d2531923a51032d1b70760e186e",
                "sha256:684a38a6f903c1d71d6d5fac066b58d7768af4de2b832e426ec79c30daa94a16"
            ],
            "version": "==2.7"
        },
        "requests": {
            "hashes": [
                "sha256:65b3a120e4329e33c9889db89c80976c5272f56ea92d3e74da8a463992e3ff54",
                "sha256:ea881206e59f41dbd0bd445437d792e43906703fff75ca8ff43ccdb11f33f263"
            ],
            "index": "pypi",
            "version": "==2.20.1"
        },
        "urllib3": {
            "hashes": [
                "sha256:61bf29cada3fc2fbefad4fdf059ea4bd1b4a86d2b6d15e1c7c0b582b9752fe39",
                "sha256:de9529817c93f27c8ccbfead6985011db27bd0ddfcdb2d86f3f663385c6a9c22"
            ],
            "version": "==1.24.1"
        }
    },
    "develop": {}
}
